
Microsoft Visual Studio Solution File, Format Version 12.00
# Visual Studio 15
VisualStudioVersion = 15.0.28307.1433
MinimumVisualStudioVersion = 10.0.40219.1
Project("{FAE04EC0-301F-11D3-BF4B-00C04F79EFBC}") = "SalesWebMvc", "SalesWebMvc\SalesWebMvc.csproj", "{8576E877-1DA4-44BB-8795-45F5F3705DBC}"
EndProject
Global
	GlobalSection(SolutionConfigurationPlatforms) = preSolution
		Debug|Any CPU = Debug|Any CPU
		Release|Any CPU = Release|Any CPU
	EndGlobalSection
	GlobalSection(ProjectConfigurationPlatforms) = postSolution
		{8576E877-1DA4-44BB-8795-45F5F3705DBC}.Debug|Any CPU.ActiveCfg = Debug|Any CPU
		{8576E877-1DA4-44BB-8795-45F5F3705DBC}.Debug|Any CPU.Build.0 = Debug|Any CPU
		{8576E877-1DA4-44BB-8795-45F5F3705DBC}.Release|Any CPU.ActiveCfg = Release|Any CPU
		{8576E877-1DA4-44BB-8795-45F5F3705DBC}.Release|Any CPU.Build.0 = Release|Any CPU
	EndGlobalSection
	GlobalSection(SolutionProperties) = preSolution
		HideSolutionNode = FALSE
	EndGlobalSection
	GlobalSection(ExtensibilityGlobals) = postSolution
		SolutionGuid = {903F26BC-7733-4FC6-B158-4C9B69BE9D37}
	EndGlobalSection
EndGlobal
